
Microsoft Visual Studio Solution File, Format Version 12.00
# Visual Studio Version 17
VisualStudioVersion = 17.7.34003.232
MinimumVisualStudioVersion = 10.0.40219.1
Project("{FAE04EC0-301F-11D3-BF4B-00C04F79EFBC}") = "Feladat", "8.feladat\Feladat.csproj", "{4DDCAFDE-C452-4E9A-9A47-5E2722CD52A4}"
EndProject
Project("{FAE04EC0-301F-11D3-BF4B-00C04F79EFBC}") = "Adatok", "Adatok\Adatok.csproj", "{38BC5D87-E291-4436-8E56-6B6802533FAF}"
EndProject
Global
	GlobalSection(SolutionConfigurationPlatforms) = preSolution
		Debug|Any CPU = Debug|Any CPU
		Release|Any CPU = Release|Any CPU
	EndGlobalSection
	GlobalSection(ProjectConfigurationPlatforms) = postSolution
		{4DDCAFDE-C452-4E9A-9A47-5E2722CD52A4}.Debug|Any CPU.ActiveCfg = Debug|Any CPU
		{4DDCAFDE-C452-4E9A-9A47-5E2722CD52A4}.Debug|Any CPU.Build.0 = Debug|Any CPU
		{4DDCAFDE-C452-4E9A-9A47-5E2722CD52A4}.Release|Any CPU.ActiveCfg = Release|Any CPU
		{4DDCAFDE-C452-4E9A-9A47-5E2722CD52A4}.Release|Any CPU.Build.0 = Release|Any CPU
		{38BC5D87-E291-4436-8E56-6B6802533FAF}.Debug|Any CPU.ActiveCfg = Debug|Any CPU
		{38BC5D87-E291-4436-8E56-6B6802533FAF}.Debug|Any CPU.Build.0 = Debug|Any CPU
		{38BC5D87-E291-4436-8E56-6B6802533FAF}.Release|Any CPU.ActiveCfg = Release|Any CPU
		{38BC5D87-E291-4436-8E56-6B6802533FAF}.Release|Any CPU.Build.0 = Release|Any CPU
	EndGlobalSection
	GlobalSection(SolutionProperties) = preSolution
		HideSolutionNode = FALSE
	EndGlobalSection
	GlobalSection(ExtensibilityGlobals) = postSolution
		SolutionGuid = {8977E3AF-6242-454B-8BFF-BF426066E9CF}
	EndGlobalSection
EndGlobal
